PODS:
  - Alamofire (5.9.1)
  - PanModal (1.2.7)
  - ProgressHUD (13.6.2)
  - SnackBar.swift (0.1.0):
    - SnapKit
  - SnapKit (5.0.1)
  - Wormholy (1.7.0)

DEPENDENCIES:
  - Alamofire
  - PanModal
  - ProgressHUD (= 13.6.2)
  - SnackBar.swift
  - SnapKit (~> 5.0.0)
  - Wormholy

SPEC REPOS:
  trunk:
    - Alamofire
    - PanModal
    - ProgressHUD
    - SnackBar.swift
    - SnapKit
    - Wormholy

SPEC CHECKSUMS:
  Alamofire: f36a35757af4587d8e4f4bfa223ad10be2422b8c
  PanModal: 3e16ead1a907fb06f4df3f13492fd00149fa4974
  ProgressHUD: 355915c8f033e626788fa9b0d99d06e8691595ab
  SnackBar.swift: 79ea4df13ea9e6633137dd6acbd490534d26440d
  SnapKit: 97b92857e3df3a0c71833cce143274bf6ef8e5eb
  Wormholy: ab1c8c2f02f58587a0941deb0088555ffbf039a1

PODFILE CHECKSUM: dbe1f3492535d7638379ea5dddeede8c43e6a148

COCOAPODS: 1.15.2
