// !$*UTF8*$!
{
	archiveVersion = 1;
	classes = {
	};
	objectVersion = 56;
	objects = {

/* Begin PBXBuildFile section */
		611FCBD82BB40A6000B23F61 /* SearchCategoryCollectionViewCell.swift in Sources */ = {isa = PBXBuildFile; fileRef = 611FCBD72BB40A6000B23F61 /* SearchCategoryCollectionViewCell.swift */; };
		611FCBDB2BB42A0400B23F61 /* GameViewController.swift in Sources */ = {isa = PBXBuildFile; fileRef = 611FCBDA2BB42A0400B23F61 /* GameViewController.swift */; };
		611FCBDF2BB6B49D00B23F61 /* GameTableViewCell.swift in Sources */ = {isa = PBXBuildFile; fileRef = 611FCBDE2BB6B49D00B23F61 /* GameTableViewCell.swift */; };
		611FCBE22BBD3DBE00B23F61 /* ContinueCollectionViewCell.swift in Sources */ = {isa = PBXBuildFile; fileRef = 611FCBE12BBD3DBD00B23F61 /* ContinueCollectionViewCell.swift */; };
		611FCBE42BBD5A7300B23F61 /* NewCollectionViewCell.swift in Sources */ = {isa = PBXBuildFile; fileRef = 611FCBE32BBD5A7300B23F61 /* NewCollectionViewCell.swift */; };
		611FCBE82BBD65B000B23F61 /* MovieCellHeader.swift in Sources */ = {isa = PBXBuildFile; fileRef = 611FCBE72BBD65B000B23F61 /* MovieCellHeader.swift */; };
		611FCBEC2BBEB6E100B23F61 /* DefaultCollectionViewCell.swift in Sources */ = {isa = PBXBuildFile; fileRef = 611FCBEB2BBEB6E100B23F61 /* DefaultCollectionViewCell.swift */; };
		611FCBEF2BC3DA4200B23F61 /* TabBarController.swift in Sources */ = {isa = PBXBuildFile; fileRef = 611FCBEE2BC3DA4200B23F61 /* TabBarController.swift */; };
		611FCBF42BC6B0AA00B23F61 /* SignInViewController.swift in Sources */ = {isa = PBXBuildFile; fileRef = 611FCBF32BC6B0AA00B23F61 /* SignInViewController.swift */; };
		617026C92BF8BA7100031862 /* CategoryViewController.swift in Sources */ = {isa = PBXBuildFile; fileRef = 617026C82BF8BA7100031862 /* CategoryViewController.swift */; };
		617026CB2BF8BC2D00031862 /* CategoryTableViewCell.swift in Sources */ = {isa = PBXBuildFile; fileRef = 617026CA2BF8BC2D00031862 /* CategoryTableViewCell.swift */; };
		617026CE2BF8CF3900031862 /* ProfileViewController.swift in Sources */ = {isa = PBXBuildFile; fileRef = 617026CD2BF8CF3900031862 /* ProfileViewController.swift */; };
		617026D02BF8CFDE00031862 /* ProfileTableViewCell.swift in Sources */ = {isa = PBXBuildFile; fileRef = 617026CF2BF8CFDE00031862 /* ProfileTableViewCell.swift */; };
		617026D22BF8D01800031862 /* ProfileTableHeaderView.swift in Sources */ = {isa = PBXBuildFile; fileRef = 617026D12BF8D01800031862 /* ProfileTableHeaderView.swift */; };
		617026D52BF8D10C00031862 /* ProfileSection.swift in Sources */ = {isa = PBXBuildFile; fileRef = 617026D42BF8D10C00031862 /* ProfileSection.swift */; };
		617026D92BF9045200031862 /* User.swift in Sources */ = {isa = PBXBuildFile; fileRef = 617026D82BF9045200031862 /* User.swift */; };
		617026DB2BF9075000031862 /* ProgressHudProtocol.swift in Sources */ = {isa = PBXBuildFile; fileRef = 617026DA2BF9075000031862 /* ProgressHudProtocol.swift */; };
		617026DD2BF90C9C00031862 /* SnackBarController.swift in Sources */ = {isa = PBXBuildFile; fileRef = 617026DC2BF90C9C00031862 /* SnackBarController.swift */; };
		617026E02BF90E2800031862 /* CreateUserService.swift in Sources */ = {isa = PBXBuildFile; fileRef = 617026DF2BF90E2800031862 /* CreateUserService.swift */; };
		617026E32BF92BFE00031862 /* SignInService.swift in Sources */ = {isa = PBXBuildFile; fileRef = 617026E22BF92BFE00031862 /* SignInService.swift */; };
		617026E82BF9368600031862 /* Video.swift in Sources */ = {isa = PBXBuildFile; fileRef = 617026E72BF9368600031862 /* Video.swift */; };
		617026EA2BF936F900031862 /* HomeService.swift in Sources */ = {isa = PBXBuildFile; fileRef = 617026E92BF936F900031862 /* HomeService.swift */; };
		617026ED2BFB4AE600031862 /* FilterService.swift in Sources */ = {isa = PBXBuildFile; fileRef = 617026EC2BFB4AE600031862 /* FilterService.swift */; };
		617026EF2BFB4CC900031862 /* Child.swift in Sources */ = {isa = PBXBuildFile; fileRef = 617026EE2BFB4CC900031862 /* Child.swift */; };
		617026F12BFC7C5900031862 /* SigIn.swift in Sources */ = {isa = PBXBuildFile; fileRef = 617026F02BFC7C5900031862 /* SigIn.swift */; };
		619B041B2BAE0C8E00380F46 /* AppDelegate.swift in Sources */ = {isa = PBXBuildFile; fileRef = 619B041A2BAE0C8E00380F46 /* AppDelegate.swift */; };
		619B041D2BAE0C8E00380F46 /* SceneDelegate.swift in Sources */ = {isa = PBXBuildFile; fileRef = 619B041C2BAE0C8E00380F46 /* SceneDelegate.swift */; };
		619B041F2BAE0C8E00380F46 /* ViewController.swift in Sources */ = {isa = PBXBuildFile; fileRef = 619B041E2BAE0C8E00380F46 /* ViewController.swift */; };
		619B04242BAE0C9000380F46 /* Assets.xcassets in Resources */ = {isa = PBXBuildFile; fileRef = 619B04232BAE0C9000380F46 /* Assets.xcassets */; };
		619B04272BAE0C9000380F46 /* Base in Resources */ = {isa = PBXBuildFile; fileRef = 619B04262BAE0C9000380F46 /* Base */; };
		61B9B54F2BF1164E0055A0B7 /* DetailViewController.swift in Sources */ = {isa = PBXBuildFile; fileRef = 61B9B54E2BF1164E0055A0B7 /* DetailViewController.swift */; };
		61B9B5532BF2276F0055A0B7 /* MoreInfoViewController.swift in Sources */ = {isa = PBXBuildFile; fileRef = 61B9B5522BF2276F0055A0B7 /* MoreInfoViewController.swift */; };
		61B9B5562BF2B5600055A0B7 /* SeriesViewController.swift in Sources */ = {isa = PBXBuildFile; fileRef = 61B9B5552BF2B5600055A0B7 /* SeriesViewController.swift */; };
		61B9B5582BF2B7B00055A0B7 /* SeriesTableViewCell.swift in Sources */ = {isa = PBXBuildFile; fileRef = 61B9B5572BF2B7B00055A0B7 /* SeriesTableViewCell.swift */; };
		61B9B55A2BF2B7CB0055A0B7 /* SezonsCollectionViewCell.swift in Sources */ = {isa = PBXBuildFile; fileRef = 61B9B5592BF2B7CB0055A0B7 /* SezonsCollectionViewCell.swift */; };
		61B9B55D2BF3495B0055A0B7 /* AddChildViewController.swift in Sources */ = {isa = PBXBuildFile; fileRef = 61B9B55C2BF3495B0055A0B7 /* AddChildViewController.swift */; };
		61B9B55F2BF355090055A0B7 /* DefaultTextField.swift in Sources */ = {isa = PBXBuildFile; fileRef = 61B9B55E2BF355090055A0B7 /* DefaultTextField.swift */; };
		61B9B5612BF46F890055A0B7 /* AgeCollectionViewCell.swift in Sources */ = {isa = PBXBuildFile; fileRef = 61B9B5602BF46F890055A0B7 /* AgeCollectionViewCell.swift */; };
		61B9B5632BF473630055A0B7 /* Ages.swift in Sources */ = {isa = PBXBuildFile; fileRef = 61B9B5622BF473630055A0B7 /* Ages.swift */; };
		61B9B5652BF4A9A80055A0B7 /* FilterViewController.swift in Sources */ = {isa = PBXBuildFile; fileRef = 61B9B5642BF4A9A80055A0B7 /* FilterViewController.swift */; };
		61B9B5672BF4AD6A0055A0B7 /* FilterCollectionViewCell.swift in Sources */ = {isa = PBXBuildFile; fileRef = 61B9B5662BF4AD6A0055A0B7 /* FilterCollectionViewCell.swift */; };
		61FF11472BC7CE7E005006F2 /* AuthTextField.swift in Sources */ = {isa = PBXBuildFile; fileRef = 61FF11462BC7CE7E005006F2 /* AuthTextField.swift */; };
		61FF11492BC7EB76005006F2 /* SignUpViewController.swift in Sources */ = {isa = PBXBuildFile; fileRef = 61FF11482BC7EB76005006F2 /* SignUpViewController.swift */; };
		61FF114F2BC7FFF9005006F2 /* AppImage.swift in Sources */ = {isa = PBXBuildFile; fileRef = 61FF114E2BC7FFF9005006F2 /* AppImage.swift */; };
		61FF11512BC80839005006F2 /* MovieCategory.swift in Sources */ = {isa = PBXBuildFile; fileRef = 61FF11502BC80839005006F2 /* MovieCategory.swift */; };
		61FF11532BC813A4005006F2 /* AppColor.swift in Sources */ = {isa = PBXBuildFile; fileRef = 61FF11522BC813A4005006F2 /* AppColor.swift */; };
		61FF11552BC817F3005006F2 /* GameCategory.swift in Sources */ = {isa = PBXBuildFile; fileRef = 61FF11542BC817F3005006F2 /* GameCategory.swift */; };
		61FFB59C2BB2BD6900678411 /* HelloViewController.swift in Sources */ = {isa = PBXBuildFile; fileRef = 61FFB59B2BB2BD6900678411 /* HelloViewController.swift */; };
		61FFB5A42BB2D5DF00678411 /* HomeViewController.swift in Sources */ = {isa = PBXBuildFile; fileRef = 61FFB5A32BB2D5DF00678411 /* HomeViewController.swift */; };
		61FFB5A72BB2D67200678411 /* SearchViewController.swift in Sources */ = {isa = PBXBuildFile; fileRef = 61FFB5A62BB2D67200678411 /* SearchViewController.swift */; };
		749F184846A917BD08CE7648 /* Pods_balapan.framework in Frameworks */ = {isa = PBXBuildFile; fileRef = 005821BA3468344646A47F77 /* Pods_balapan.framework */; };
/* End PBXBuildFile section */

/* Begin PBXFileReference section */
		005821BA3468344646A47F77 /* Pods_balapan.framework */ = {isa = PBXFileReference; explicitFileType = wrapper.framework; includeInIndex = 0; path = Pods_balapan.framework; sourceTree = BUILT_PRODUCTS_DIR; };
		4C44F0B2047108CFFEFD6FD5 /* Pods-balapan.release.xcconfig */ = {isa = PBXFileReference; includeInIndex = 1; lastKnownFileType = text.xcconfig; name = "Pods-balapan.release.xcconfig"; path = "Target Support Files/Pods-balapan/Pods-balapan.release.xcconfig"; sourceTree = "<group>"; };
		611FCBD72BB40A6000B23F61 /* SearchCategoryCollectionViewCell.swift */ = {isa = PBXFileReference; lastKnownFileType = sourcecode.swift; path = SearchCategoryCollectionViewCell.swift; sourceTree = "<group>"; };
		611FCBDA2BB42A0400B23F61 /* GameViewController.swift */ = {isa = PBXFileReference; lastKnownFileType = sourcecode.swift; path = GameViewController.swift; sourceTree = "<group>"; };
		611FCBDE2BB6B49D00B23F61 /* GameTableViewCell.swift */ = {isa = PBXFileReference; lastKnownFileType = sourcecode.swift; path = GameTableViewCell.swift; sourceTree = "<group>"; };
		611FCBE12BBD3DBD00B23F61 /* ContinueCollectionViewCell.swift */ = {isa = PBXFileReference; lastKnownFileType = sourcecode.swift; path = ContinueCollectionViewCell.swift; sourceTree = "<group>"; };
		611FCBE32BBD5A7300B23F61 /* NewCollectionViewCell.swift */ = {isa = PBXFileReference; lastKnownFileType = sourcecode.swift; path = NewCollectionViewCell.swift; sourceTree = "<group>"; };
		611FCBE72BBD65B000B23F61 /* MovieCellHeader.swift */ = {isa = PBXFileReference; lastKnownFileType = sourcecode.swift; path = MovieCellHeader.swift; sourceTree = "<group>"; };
		611FCBEB2BBEB6E100B23F61 /* DefaultCollectionViewCell.swift */ = {isa = PBXFileReference; lastKnownFileType = sourcecode.swift; path = DefaultCollectionViewCell.swift; sourceTree = "<group>"; };
		611FCBEE2BC3DA4200B23F61 /* TabBarController.swift */ = {isa = PBXFileReference; lastKnownFileType = sourcecode.swift; path = TabBarController.swift; sourceTree = "<group>"; };
		611FCBF32BC6B0AA00B23F61 /* SignInViewController.swift */ = {isa = PBXFileReference; lastKnownFileType = sourcecode.swift; path = SignInViewController.swift; sourceTree = "<group>"; };
		617026C82BF8BA7100031862 /* CategoryViewController.swift */ = {isa = PBXFileReference; lastKnownFileType = sourcecode.swift; path = CategoryViewController.swift; sourceTree = "<group>"; };
		617026CA2BF8BC2D00031862 /* CategoryTableViewCell.swift */ = {isa = PBXFileReference; lastKnownFileType = sourcecode.swift; path = CategoryTableViewCell.swift; sourceTree = "<group>"; };
		617026CD2BF8CF3900031862 /* ProfileViewController.swift */ = {isa = PBXFileReference; lastKnownFileType = sourcecode.swift; path = ProfileViewController.swift; sourceTree = "<group>"; };
		617026CF2BF8CFDE00031862 /* ProfileTableViewCell.swift */ = {isa = PBXFileReference; lastKnownFileType = sourcecode.swift; path = ProfileTableViewCell.swift; sourceTree = "<group>"; };
		617026D12BF8D01800031862 /* ProfileTableHeaderView.swift */ = {isa = PBXFileReference; lastKnownFileType = sourcecode.swift; path = ProfileTableHeaderView.swift; sourceTree = "<group>"; };
		617026D42BF8D10C00031862 /* ProfileSection.swift */ = {isa = PBXFileReference; lastKnownFileType = sourcecode.swift; path = ProfileSection.swift; sourceTree = "<group>"; };
		617026D82BF9045200031862 /* User.swift */ = {isa = PBXFileReference; lastKnownFileType = sourcecode.swift; path = User.swift; sourceTree = "<group>"; };
		617026DA2BF9075000031862 /* ProgressHudProtocol.swift */ = {isa = PBXFileReference; lastKnownFileType = sourcecode.swift; path = ProgressHudProtocol.swift; sourceTree = "<group>"; };
		617026DC2BF90C9C00031862 /* SnackBarController.swift */ = {isa = PBXFileReference; lastKnownFileType = sourcecode.swift; path = SnackBarController.swift; sourceTree = "<group>"; };
		617026DF2BF90E2800031862 /* CreateUserService.swift */ = {isa = PBXFileReference; lastKnownFileType = sourcecode.swift; path = CreateUserService.swift; sourceTree = "<group>"; };
		617026E22BF92BFE00031862 /* SignInService.swift */ = {isa = PBXFileReference; lastKnownFileType = sourcecode.swift; path = SignInService.swift; sourceTree = "<group>"; };
		617026E72BF9368600031862 /* Video.swift */ = {isa = PBXFileReference; lastKnownFileType = sourcecode.swift; path = Video.swift; sourceTree = "<group>"; };
		617026E92BF936F900031862 /* HomeService.swift */ = {isa = PBXFileReference; lastKnownFileType = sourcecode.swift; path = HomeService.swift; sourceTree = "<group>"; };
		617026EC2BFB4AE600031862 /* FilterService.swift */ = {isa = PBXFileReference; lastKnownFileType = sourcecode.swift; path = FilterService.swift; sourceTree = "<group>"; };
		617026EE2BFB4CC900031862 /* Child.swift */ = {isa = PBXFileReference; lastKnownFileType = sourcecode.swift; path = Child.swift; sourceTree = "<group>"; };
		617026F02BFC7C5900031862 /* SigIn.swift */ = {isa = PBXFileReference; lastKnownFileType = sourcecode.swift; path = SigIn.swift; sourceTree = "<group>"; };
		619B04172BAE0C8E00380F46 /* balapan.app */ = {isa = PBXFileReference; explicitFileType = wrapper.application; includeInIndex = 0; path = balapan.app; sourceTree = BUILT_PRODUCTS_DIR; };
		619B041A2BAE0C8E00380F46 /* AppDelegate.swift */ = {isa = PBXFileReference; lastKnownFileType = sourcecode.swift; path = AppDelegate.swift; sourceTree = "<group>"; };
		619B041C2BAE0C8E00380F46 /* SceneDelegate.swift */ = {isa = PBXFileReference; lastKnownFileType = sourcecode.swift; path = SceneDelegate.swift; sourceTree = "<group>"; };
		619B041E2BAE0C8E00380F46 /* ViewController.swift */ = {isa = PBXFileReference; lastKnownFileType = sourcecode.swift; path = ViewController.swift; sourceTree = "<group>"; };
		619B04232BAE0C9000380F46 /* Assets.xcassets */ = {isa = PBXFileReference; lastKnownFileType = folder.assetcatalog; path = Assets.xcassets; sourceTree = "<group>"; };
		619B04262BAE0C9000380F46 /* Base */ = {isa = PBXFileReference; lastKnownFileType = file.storyboard; name = Base; path = Base.lproj/LaunchScreen.storyboard; sourceTree = "<group>"; };
		619B04282BAE0C9000380F46 /* Info.plist */ = {isa = PBXFileReference; lastKnownFileType = text.plist.xml; path = Info.plist; sourceTree = "<group>"; };
		61B9B54E2BF1164E0055A0B7 /* DetailViewController.swift */ = {isa = PBXFileReference; lastKnownFileType = sourcecode.swift; path = DetailViewController.swift; sourceTree = "<group>"; };
		61B9B5522BF2276F0055A0B7 /* MoreInfoViewController.swift */ = {isa = PBXFileReference; lastKnownFileType = sourcecode.swift; path = MoreInfoViewController.swift; sourceTree = "<group>"; };
		61B9B5552BF2B5600055A0B7 /* SeriesViewController.swift */ = {isa = PBXFileReference; lastKnownFileType = sourcecode.swift; path = SeriesViewController.swift; sourceTree = "<group>"; };
		61B9B5572BF2B7B00055A0B7 /* SeriesTableViewCell.swift */ = {isa = PBXFileReference; lastKnownFileType = sourcecode.swift; path = SeriesTableViewCell.swift; sourceTree = "<group>"; };
		61B9B5592BF2B7CB0055A0B7 /* SezonsCollectionViewCell.swift */ = {isa = PBXFileReference; lastKnownFileType = sourcecode.swift; path = SezonsCollectionViewCell.swift; sourceTree = "<group>"; };
		61B9B55C2BF3495B0055A0B7 /* AddChildViewController.swift */ = {isa = PBXFileReference; lastKnownFileType = sourcecode.swift; path = AddChildViewController.swift; sourceTree = "<group>"; };
		61B9B55E2BF355090055A0B7 /* DefaultTextField.swift */ = {isa = PBXFileReference; lastKnownFileType = sourcecode.swift; path = DefaultTextField.swift; sourceTree = "<group>"; };
		61B9B5602BF46F890055A0B7 /* AgeCollectionViewCell.swift */ = {isa = PBXFileReference; lastKnownFileType = sourcecode.swift; path = AgeCollectionViewCell.swift; sourceTree = "<group>"; };
		61B9B5622BF473630055A0B7 /* Ages.swift */ = {isa = PBXFileReference; lastKnownFileType = sourcecode.swift; path = Ages.swift; sourceTree = "<group>"; };
		61B9B5642BF4A9A80055A0B7 /* FilterViewController.swift */ = {isa = PBXFileReference; lastKnownFileType = sourcecode.swift; path = FilterViewController.swift; sourceTree = "<group>"; };
		61B9B5662BF4AD6A0055A0B7 /* FilterCollectionViewCell.swift */ = {isa = PBXFileReference; lastKnownFileType = sourcecode.swift; path = FilterCollectionViewCell.swift; sourceTree = "<group>"; };
		61FF11462BC7CE7E005006F2 /* AuthTextField.swift */ = {isa = PBXFileReference; lastKnownFileType = sourcecode.swift; path = AuthTextField.swift; sourceTree = "<group>"; };
		61FF11482BC7EB76005006F2 /* SignUpViewController.swift */ = {isa = PBXFileReference; lastKnownFileType = sourcecode.swift; path = SignUpViewController.swift; sourceTree = "<group>"; };
		61FF114E2BC7FFF9005006F2 /* AppImage.swift */ = {isa = PBXFileReference; lastKnownFileType = sourcecode.swift; path = AppImage.swift; sourceTree = "<group>"; };
		61FF11502BC80839005006F2 /* MovieCategory.swift */ = {isa = PBXFileReference; lastKnownFileType = sourcecode.swift; path = MovieCategory.swift; sourceTree = "<group>"; };
		61FF11522BC813A4005006F2 /* AppColor.swift */ = {isa = PBXFileReference; lastKnownFileType = sourcecode.swift; path = AppColor.swift; sourceTree = "<group>"; };
		61FF11542BC817F3005006F2 /* GameCategory.swift */ = {isa = PBXFileReference; lastKnownFileType = sourcecode.swift; path = GameCategory.swift; sourceTree = "<group>"; };
		61FFB59B2BB2BD6900678411 /* HelloViewController.swift */ = {isa = PBXFileReference; lastKnownFileType = sourcecode.swift; path = HelloViewController.swift; sourceTree = "<group>"; };
		61FFB5A32BB2D5DF00678411 /* HomeViewController.swift */ = {isa = PBXFileReference; lastKnownFileType = sourcecode.swift; path = HomeViewController.swift; sourceTree = "<group>"; };
		61FFB5A62BB2D67200678411 /* SearchViewController.swift */ = {isa = PBXFileReference; lastKnownFileType = sourcecode.swift; path = SearchViewController.swift; sourceTree = "<group>"; };
		77AFBA15372F9A5E12AF1F07 /* Pods-balapan.debug.xcconfig */ = {isa = PBXFileReference; includeInIndex = 1; lastKnownFileType = text.xcconfig; name = "Pods-balapan.debug.xcconfig"; path = "Target Support Files/Pods-balapan/Pods-balapan.debug.xcconfig"; sourceTree = "<group>"; };
/* End PBXFileReference section */

/* Begin PBXFrameworksBuildPhase section */
		619B04142BAE0C8E00380F46 /* Frameworks */ = {
			isa = PBXFrameworksBuildPhase;
			buildActionMask = 2147483647;
			files = (
				749F184846A917BD08CE7648 /* Pods_balapan.framework in Frameworks */,
			);
			runOnlyForDeploymentPostprocessing = 0;
		};
/* End PBXFrameworksBuildPhase section */

/* Begin PBXGroup section */
		611FCBD92BB4299200B23F61 /* GamePage */ = {
			isa = PBXGroup;
			children = (
				611FCBDA2BB42A0400B23F61 /* GameViewController.swift */,
				611FCBDE2BB6B49D00B23F61 /* GameTableViewCell.swift */,
				61FF11542BC817F3005006F2 /* GameCategory.swift */,
			);
			path = GamePage;
			sourceTree = "<group>";
		};
		611FCBE02BB71FAE00B23F61 /* Navigation */ = {
			isa = PBXGroup;
			children = (
				611FCBEE2BC3DA4200B23F61 /* TabBarController.swift */,
			);
			path = Navigation;
			sourceTree = "<group>";
		};
		617026C72BF8BA4700031862 /* CategoryPage */ = {
			isa = PBXGroup;
			children = (
				617026C82BF8BA7100031862 /* CategoryViewController.swift */,
				617026CA2BF8BC2D00031862 /* CategoryTableViewCell.swift */,
			);
			path = CategoryPage;
			sourceTree = "<group>";
		};
		617026CC2BF8CF1F00031862 /* ProfilePage */ = {
			isa = PBXGroup;
			children = (
				617026D32BF8D0DB00031862 /* Model */,
				617026CD2BF8CF3900031862 /* ProfileViewController.swift */,
				617026CF2BF8CFDE00031862 /* ProfileTableViewCell.swift */,
				617026D12BF8D01800031862 /* ProfileTableHeaderView.swift */,
			);
			path = ProfilePage;
			sourceTree = "<group>";
		};
		617026D32BF8D0DB00031862 /* Model */ = {
			isa = PBXGroup;
			children = (
				617026D42BF8D10C00031862 /* ProfileSection.swift */,
			);
			path = Model;
			sourceTree = "<group>";
		};
		617026D62BF9035C00031862 /* SignUpPage */ = {
			isa = PBXGroup;
			children = (
				617026DE2BF90E0A00031862 /* Model */,
				61FF11482BC7EB76005006F2 /* SignUpViewController.swift */,
				617026DA2BF9075000031862 /* ProgressHudProtocol.swift */,
			);
			path = SignUpPage;
			sourceTree = "<group>";
		};
		617026D72BF9037600031862 /* SignInPage */ = {
			isa = PBXGroup;
			children = (
				617026E12BF92BDC00031862 /* Model */,
				61FF11462BC7CE7E005006F2 /* AuthTextField.swift */,
				611FCBF32BC6B0AA00B23F61 /* SignInViewController.swift */,
			);
			path = SignInPage;
			sourceTree = "<group>";
		};
		617026DE2BF90E0A00031862 /* Model */ = {
			isa = PBXGroup;
			children = (
				617026D82BF9045200031862 /* User.swift */,
				617026DF2BF90E2800031862 /* CreateUserService.swift */,
			);
			path = Model;
			sourceTree = "<group>";
		};
		617026E12BF92BDC00031862 /* Model */ = {
			isa = PBXGroup;
			children = (
				617026E22BF92BFE00031862 /* SignInService.swift */,
				617026F02BFC7C5900031862 /* SigIn.swift */,
			);
			path = Model;
			sourceTree = "<group>";
		};
		617026E62BF9365E00031862 /* Model */ = {
			isa = PBXGroup;
			children = (
				617026E72BF9368600031862 /* Video.swift */,
				617026E92BF936F900031862 /* HomeService.swift */,
			);
			path = Model;
			sourceTree = "<group>";
		};
		617026EB2BFB4ACA00031862 /* Model */ = {
			isa = PBXGroup;
			children = (
				617026EC2BFB4AE600031862 /* FilterService.swift */,
				617026EE2BFB4CC900031862 /* Child.swift */,
			);
			path = Model;
			sourceTree = "<group>";
		};
		619B040E2BAE0C8E00380F46 = {
			isa = PBXGroup;
			children = (
				619B04192BAE0C8E00380F46 /* balapan */,
				619B04182BAE0C8E00380F46 /* Products */,
				AFE7BE855E2CA9A558CF2332 /* Pods */,
				CA57B155CC5A6C7B3C489275 /* Frameworks */,
			);
			sourceTree = "<group>";
		};
		619B04182BAE0C8E00380F46 /* Products */ = {
			isa = PBXGroup;
			children = (
				619B04172BAE0C8E00380F46 /* balapan.app */,
			);
			name = Products;
			sourceTree = "<group>";
		};
		619B04192BAE0C8E00380F46 /* balapan */ = {
			isa = PBXGroup;
			children = (
				61FFB5982BB2BD2600678411 /* HelloPage */,
				617026D72BF9037600031862 /* SignInPage */,
				617026D62BF9035C00031862 /* SignUpPage */,
				61B9B55B2BF349370055A0B7 /* AddChildPage */,
				61FFB5A22BB2D52D00678411 /* HomePage */,
				61FFB5A52BB2D64C00678411 /* SearchPage */,
				611FCBD92BB4299200B23F61 /* GamePage */,
				617026CC2BF8CF1F00031862 /* ProfilePage */,
				617026C72BF8BA4700031862 /* CategoryPage */,
				61B9B5542BF2B5390055A0B7 /* SeriesPage */,
				61B9B54D2BF116350055A0B7 /* DetailPage */,
				611FCBE02BB71FAE00B23F61 /* Navigation */,
				61FF114D2BC7FFBD005006F2 /* Resources */,
				619B041A2BAE0C8E00380F46 /* AppDelegate.swift */,
				619B041C2BAE0C8E00380F46 /* SceneDelegate.swift */,
				619B041E2BAE0C8E00380F46 /* ViewController.swift */,
				619B04232BAE0C9000380F46 /* Assets.xcassets */,
				619B04252BAE0C9000380F46 /* LaunchScreen.storyboard */,
				619B04282BAE0C9000380F46 /* Info.plist */,
				617026DC2BF90C9C00031862 /* SnackBarController.swift */,
			);
			path = balapan;
			sourceTree = "<group>";
		};
		61B9B54D2BF116350055A0B7 /* DetailPage */ = {
			isa = PBXGroup;
			children = (
				61B9B54E2BF1164E0055A0B7 /* DetailViewController.swift */,
				61B9B5522BF2276F0055A0B7 /* MoreInfoViewController.swift */,
			);
			path = DetailPage;
			sourceTree = "<group>";
		};
		61B9B5542BF2B5390055A0B7 /* SeriesPage */ = {
			isa = PBXGroup;
			children = (
				61B9B5552BF2B5600055A0B7 /* SeriesViewController.swift */,
				61B9B5572BF2B7B00055A0B7 /* SeriesTableViewCell.swift */,
				61B9B5592BF2B7CB0055A0B7 /* SezonsCollectionViewCell.swift */,
			);
			path = SeriesPage;
			sourceTree = "<group>";
		};
		61B9B55B2BF349370055A0B7 /* AddChildPage */ = {
			isa = PBXGroup;
			children = (
				617026EB2BFB4ACA00031862 /* Model */,
				61B9B55C2BF3495B0055A0B7 /* AddChildViewController.swift */,
				61B9B55E2BF355090055A0B7 /* DefaultTextField.swift */,
				61B9B5602BF46F890055A0B7 /* AgeCollectionViewCell.swift */,
				61B9B5622BF473630055A0B7 /* Ages.swift */,
				61B9B5642BF4A9A80055A0B7 /* FilterViewController.swift */,
				61B9B5662BF4AD6A0055A0B7 /* FilterCollectionViewCell.swift */,
			);
			path = AddChildPage;
			sourceTree = "<group>";
		};
		61FF114D2BC7FFBD005006F2 /* Resources */ = {
			isa = PBXGroup;
			children = (
				61FF114E2BC7FFF9005006F2 /* AppImage.swift */,
				61FF11522BC813A4005006F2 /* AppColor.swift */,
			);
			path = Resources;
			sourceTree = "<group>";
		};
		61FFB5982BB2BD2600678411 /* HelloPage */ = {
			isa = PBXGroup;
			children = (
				61FFB59B2BB2BD6900678411 /* HelloViewController.swift */,
			);
			path = HelloPage;
			sourceTree = "<group>";
		};
		61FFB5A22BB2D52D00678411 /* HomePage */ = {
			isa = PBXGroup;
			children = (
				617026E62BF9365E00031862 /* Model */,
				61FFB5A32BB2D5DF00678411 /* HomeViewController.swift */,
				611FCBE12BBD3DBD00B23F61 /* ContinueCollectionViewCell.swift */,
				611FCBE32BBD5A7300B23F61 /* NewCollectionViewCell.swift */,
				611FCBE72BBD65B000B23F61 /* MovieCellHeader.swift */,
				611FCBEB2BBEB6E100B23F61 /* DefaultCollectionViewCell.swift */,
			);
			path = HomePage;
			sourceTree = "<group>";
		};
		61FFB5A52BB2D64C00678411 /* SearchPage */ = {
			isa = PBXGroup;
			children = (
				61FFB5A62BB2D67200678411 /* SearchViewController.swift */,
				611FCBD72BB40A6000B23F61 /* SearchCategoryCollectionViewCell.swift */,
				61FF11502BC80839005006F2 /* MovieCategory.swift */,
			);
			path = SearchPage;
			sourceTree = "<group>";
		};
		AFE7BE855E2CA9A558CF2332 /* Pods */ = {
			isa = PBXGroup;
			children = (
				77AFBA15372F9A5E12AF1F07 /* Pods-balapan.debug.xcconfig */,
				4C44F0B2047108CFFEFD6FD5 /* Pods-balapan.release.xcconfig */,
			);
			path = Pods;
			sourceTree = "<group>";
		};
		CA57B155CC5A6C7B3C489275 /* Frameworks */ = {
			isa = PBXGroup;
			children = (
				005821BA3468344646A47F77 /* Pods_balapan.framework */,
			);
			name = Frameworks;
			sourceTree = "<group>";
		};
/* End PBXGroup section */

/* Begin PBXNativeTarget section */
		619B04162BAE0C8E00380F46 /* balapan */ = {
			isa = PBXNativeTarget;
			buildConfigurationList = 619B042B2BAE0C9000380F46 /* Build configuration list for PBXNativeTarget "balapan" */;
			buildPhases = (
				51A944C053C3AD28FF1716BF /* [CP] Check Pods Manifest.lock */,
				619B04132BAE0C8E00380F46 /* Sources */,
				619B04142BAE0C8E00380F46 /* Frameworks */,
				619B04152BAE0C8E00380F46 /* Resources */,
				C9A89C6C45DBFB7C125785B8 /* [CP] Embed Pods Frameworks */,
			);
			buildRules = (
			);
			dependencies = (
			);
			name = balapan;
			productName = balapan;
			productReference = 619B04172BAE0C8E00380F46 /* balapan.app */;
			productType = "com.apple.product-type.application";
		};
/* End PBXNativeTarget section */

/* Begin PBXProject section */
		619B040F2BAE0C8E00380F46 /* Project object */ = {
			isa = PBXProject;
			attributes = {
				BuildIndependentTargetsInParallel = 1;
				LastSwiftUpdateCheck = 1530;
				LastUpgradeCheck = 1530;
				TargetAttributes = {
					619B04162BAE0C8E00380F46 = {
						CreatedOnToolsVersion = 15.3;
					};
				};
			};
			buildConfigurationList = 619B04122BAE0C8E00380F46 /* Build configuration list for PBXProject "balapan" */;
			compatibilityVersion = "Xcode 14.0";
			developmentRegion = en;
			hasScannedForEncodings = 0;
			knownRegions = (
				en,
				Base,
			);
			mainGroup = 619B040E2BAE0C8E00380F46;
			productRefGroup = 619B04182BAE0C8E00380F46 /* Products */;
			projectDirPath = "";
			projectRoot = "";
			targets = (
				619B04162BAE0C8E00380F46 /* balapan */,
			);
		};
/* End PBXProject section */

/* Begin PBXResourcesBuildPhase section */
		619B04152BAE0C8E00380F46 /* Resources */ = {
			isa = PBXResourcesBuildPhase;
			buildActionMask = 2147483647;
			files = (
				619B04242BAE0C9000380F46 /* Assets.xcassets in Resources */,
				619B04272BAE0C9000380F46 /* Base in Resources */,
			);
			runOnlyForDeploymentPostprocessing = 0;
		};
/* End PBXResourcesBuildPhase section */

/* Begin PBXShellScriptBuildPhase section */
		51A944C053C3AD28FF1716BF /* [CP] Check Pods Manifest.lock */ = {
			isa = PBXShellScriptBuildPhase;
			buildActionMask = 2147483647;
			files = (
			);
			inputFileListPaths = (
			);
			inputPaths = (
				"${PODS_PODFILE_DIR_PATH}/Podfile.lock",
				"${PODS_ROOT}/Manifest.lock",
			);
			name = "[CP] Check Pods Manifest.lock";
			outputFileListPaths = (
			);
			outputPaths = (
				"$(DERIVED_FILE_DIR)/Pods-balapan-checkManifestLockResult.txt",
			);
			runOnlyForDeploymentPostprocessing = 0;
			shellPath = /bin/sh;
			shellScript = "diff \"${PODS_PODFILE_DIR_PATH}/Podfile.lock\" \"${PODS_ROOT}/Manifest.lock\" > /dev/null\nif [ $? != 0 ] ; then\n    # print error to STDERR\n    echo \"error: The sandbox is not in sync with the Podfile.lock. Run 'pod install' or update your CocoaPods installation.\" >&2\n    exit 1\nfi\n# This output is used by Xcode 'outputs' to avoid re-running this script phase.\necho \"SUCCESS\" > \"${SCRIPT_OUTPUT_FILE_0}\"\n";
			showEnvVarsInLog = 0;
		};
		C9A89C6C45DBFB7C125785B8 /* [CP] Embed Pods Frameworks */ = {
			isa = PBXShellScriptBuildPhase;
			buildActionMask = 2147483647;
			files = (
			);
			inputFileListPaths = (
				"${PODS_ROOT}/Target Support Files/Pods-balapan/Pods-balapan-frameworks-${CONFIGURATION}-input-files.xcfilelist",
			);
			name = "[CP] Embed Pods Frameworks";
			outputFileListPaths = (
				"${PODS_ROOT}/Target Support Files/Pods-balapan/Pods-balapan-frameworks-${CONFIGURATION}-output-files.xcfilelist",
			);
			runOnlyForDeploymentPostprocessing = 0;
			shellPath = /bin/sh;
			shellScript = "\"${PODS_ROOT}/Target Support Files/Pods-balapan/Pods-balapan-frameworks.sh\"\n";
			showEnvVarsInLog = 0;
		};
/* End PBXShellScriptBuildPhase section */

/* Begin PBXSourcesBuildPhase section */
		619B04132BAE0C8E00380F46 /* Sources */ = {
			isa = PBXSourcesBuildPhase;
			buildActionMask = 2147483647;
			files = (
				61B9B55A2BF2B7CB0055A0B7 /* SezonsCollectionViewCell.swift in Sources */,
				617026EF2BFB4CC900031862 /* Child.swift in Sources */,
				61B9B55D2BF3495B0055A0B7 /* AddChildViewController.swift in Sources */,
				61FFB5A72BB2D67200678411 /* SearchViewController.swift in Sources */,
				61B9B55F2BF355090055A0B7 /* DefaultTextField.swift in Sources */,
				617026D22BF8D01800031862 /* ProfileTableHeaderView.swift in Sources */,
				61FF11532BC813A4005006F2 /* AppColor.swift in Sources */,
				617026D92BF9045200031862 /* User.swift in Sources */,
				61FFB5A42BB2D5DF00678411 /* HomeViewController.swift in Sources */,
				61B9B5672BF4AD6A0055A0B7 /* FilterCollectionViewCell.swift in Sources */,
				617026ED2BFB4AE600031862 /* FilterService.swift in Sources */,
				611FCBEC2BBEB6E100B23F61 /* DefaultCollectionViewCell.swift in Sources */,
				617026E02BF90E2800031862 /* CreateUserService.swift in Sources */,
				611FCBF42BC6B0AA00B23F61 /* SignInViewController.swift in Sources */,
				611FCBDF2BB6B49D00B23F61 /* GameTableViewCell.swift in Sources */,
				61B9B5612BF46F890055A0B7 /* AgeCollectionViewCell.swift in Sources */,
				617026F12BFC7C5900031862 /* SigIn.swift in Sources */,
				619B041F2BAE0C8E00380F46 /* ViewController.swift in Sources */,
				617026D52BF8D10C00031862 /* ProfileSection.swift in Sources */,
				611FCBE42BBD5A7300B23F61 /* NewCollectionViewCell.swift in Sources */,
				611FCBE82BBD65B000B23F61 /* MovieCellHeader.swift in Sources */,
				611FCBD82BB40A6000B23F61 /* SearchCategoryCollectionViewCell.swift in Sources */,
				61FF11492BC7EB76005006F2 /* SignUpViewController.swift in Sources */,
				61B9B54F2BF1164E0055A0B7 /* DetailViewController.swift in Sources */,
				61B9B5582BF2B7B00055A0B7 /* SeriesTableViewCell.swift in Sources */,
				61FF11472BC7CE7E005006F2 /* AuthTextField.swift in Sources */,
				611FCBDB2BB42A0400B23F61 /* GameViewController.swift in Sources */,
				617026EA2BF936F900031862 /* HomeService.swift in Sources */,
				611FCBE22BBD3DBE00B23F61 /* ContinueCollectionViewCell.swift in Sources */,
				617026D02BF8CFDE00031862 /* ProfileTableViewCell.swift in Sources */,
				61B9B5562BF2B5600055A0B7 /* SeriesViewController.swift in Sources */,
				619B041B2BAE0C8E00380F46 /* AppDelegate.swift in Sources */,
				611FCBEF2BC3DA4200B23F61 /* TabBarController.swift in Sources */,
				617026E82BF9368600031862 /* Video.swift in Sources */,
				617026DB2BF9075000031862 /* ProgressHudProtocol.swift in Sources */,
				61B9B5652BF4A9A80055A0B7 /* FilterViewController.swift in Sources */,
				619B041D2BAE0C8E00380F46 /* SceneDelegate.swift in Sources */,
				61FF11512BC80839005006F2 /* MovieCategory.swift in Sources */,
				61B9B5632BF473630055A0B7 /* Ages.swift in Sources */,
				617026E32BF92BFE00031862 /* SignInService.swift in Sources */,
				61FF11552BC817F3005006F2 /* GameCategory.swift in Sources */,
				61FFB59C2BB2BD6900678411 /* HelloViewController.swift in Sources */,
				617026DD2BF90C9C00031862 /* SnackBarController.swift in Sources */,
				61B9B5532BF2276F0055A0B7 /* MoreInfoViewController.swift in Sources */,
				617026C92BF8BA7100031862 /* CategoryViewController.swift in Sources */,
				617026CE2BF8CF3900031862 /* ProfileViewController.swift in Sources */,
				61FF114F2BC7FFF9005006F2 /* AppImage.swift in Sources */,
				617026CB2BF8BC2D00031862 /* CategoryTableViewCell.swift in Sources */,
			);
			runOnlyForDeploymentPostprocessing = 0;
		};
/* End PBXSourcesBuildPhase section */

/* Begin PBXVariantGroup section */
		619B04252BAE0C9000380F46 /* LaunchScreen.storyboard */ = {
			isa = PBXVariantGroup;
			children = (
				619B04262BAE0C9000380F46 /* Base */,
			);
			name = LaunchScreen.storyboard;
			sourceTree = "<group>";
		};
/* End PBXVariantGroup section */

/* Begin XCBuildConfiguration section */
		619B04292BAE0C9000380F46 /* Debug */ = {
			isa = XCBuildConfiguration;
			buildSettings = {
				ALWAYS_SEARCH_USER_PATHS = NO;
				ASSETCATALOG_COMPILER_GENERATE_SWIFT_ASSET_SYMBOL_EXTENSIONS = YES;
				CLANG_ANALYZER_NONNULL = YES;
				CLANG_ANALYZER_NUMBER_OBJECT_CONVERSION = YES_AGGRESSIVE;
				CLANG_CXX_LANGUAGE_STANDARD = "gnu++20";
				CLANG_ENABLE_MODULES = YES;
				CLANG_ENABLE_OBJC_ARC = YES;
				CLANG_ENABLE_OBJC_WEAK = YES;
				CLANG_WARN_BLOCK_CAPTURE_AUTORELEASING = YES;
				CLANG_WARN_BOOL_CONVERSION = YES;
				CLANG_WARN_COMMA = YES;
				CLANG_WARN_CONSTANT_CONVERSION = YES;
				CLANG_WARN_DEPRECATED_OBJC_IMPLEMENTATIONS = YES;
				CLANG_WARN_DIRECT_OBJC_ISA_USAGE = YES_ERROR;
				CLANG_WARN_DOCUMENTATION_COMMENTS = YES;
				CLANG_WARN_EMPTY_BODY = YES;
				CLANG_WARN_ENUM_CONVERSION = YES;
				CLANG_WARN_INFINITE_RECURSION = YES;
				CLANG_WARN_INT_CONVERSION = YES;
				CLANG_WARN_NON_LITERAL_NULL_CONVERSION = YES;
				CLANG_WARN_OBJC_IMPLICIT_RETAIN_SELF = YES;
				CLANG_WARN_OBJC_LITERAL_CONVERSION = YES;
				CLANG_WARN_OBJC_ROOT_CLASS = YES_ERROR;
				CLANG_WARN_QUOTED_INCLUDE_IN_FRAMEWORK_HEADER = YES;
				CLANG_WARN_RANGE_LOOP_ANALYSIS = YES;
				CLANG_WARN_STRICT_PROTOTYPES = YES;
				CLANG_WARN_SUSPICIOUS_MOVE = YES;
				CLANG_WARN_UNGUARDED_AVAILABILITY = YES_AGGRESSIVE;
				CLANG_WARN_UNREACHABLE_CODE = YES;
				CLANG_WARN__DUPLICATE_METHOD_MATCH = YES;
				COPY_PHASE_STRIP = NO;
				DEBUG_INFORMATION_FORMAT = dwarf;
				ENABLE_STRICT_OBJC_MSGSEND = YES;
				ENABLE_TESTABILITY = YES;
				ENABLE_USER_SCRIPT_SANDBOXING = NO;
				GCC_C_LANGUAGE_STANDARD = gnu17;
				GCC_DYNAMIC_NO_PIC = NO;
				GCC_NO_COMMON_BLOCKS = YES;
				GCC_OPTIMIZATION_LEVEL = 0;
				GCC_PREPROCESSOR_DEFINITIONS = (
					"DEBUG=1",
					"$(inherited)",
				);
				GCC_WARN_64_TO_32_BIT_CONVERSION = YES;
				GCC_WARN_ABOUT_RETURN_TYPE = YES_ERROR;
				GCC_WARN_UNDECLARED_SELECTOR = YES;
				GCC_WARN_UNINITIALIZED_AUTOS = YES_AGGRESSIVE;
				GCC_WARN_UNUSED_FUNCTION = YES;
				GCC_WARN_UNUSED_VARIABLE = YES;
				IPHONEOS_DEPLOYMENT_TARGET = 17.4;
				LOCALIZATION_PREFERS_STRING_CATALOGS = YES;
				MTL_ENABLE_DEBUG_INFO = INCLUDE_SOURCE;
				MTL_FAST_MATH = YES;
				ONLY_ACTIVE_ARCH = YES;
				SDKROOT = iphoneos;
				SWIFT_ACTIVE_COMPILATION_CONDITIONS = "DEBUG $(inherited)";
				SWIFT_OPTIMIZATION_LEVEL = "-Onone";
			};
			name = Debug;
		};
		619B042A2BAE0C9000380F46 /* Release */ = {
			isa = XCBuildConfiguration;
			buildSettings = {
				ALWAYS_SEARCH_USER_PATHS = NO;
				ASSETCATALOG_COMPILER_GENERATE_SWIFT_ASSET_SYMBOL_EXTENSIONS = YES;
				CLANG_ANALYZER_NONNULL = YES;
				CLANG_ANALYZER_NUMBER_OBJECT_CONVERSION = YES_AGGRESSIVE;
				CLANG_CXX_LANGUAGE_STANDARD = "gnu++20";
				CLANG_ENABLE_MODULES = YES;
				CLANG_ENABLE_OBJC_ARC = YES;
				CLANG_ENABLE_OBJC_WEAK = YES;
				CLANG_WARN_BLOCK_CAPTURE_AUTORELEASING = YES;
				CLANG_WARN_BOOL_CONVERSION = YES;
				CLANG_WARN_COMMA = YES;
				CLANG_WARN_CONSTANT_CONVERSION = YES;
				CLANG_WARN_DEPRECATED_OBJC_IMPLEMENTATIONS = YES;
				CLANG_WARN_DIRECT_OBJC_ISA_USAGE = YES_ERROR;
				CLANG_WARN_DOCUMENTATION_COMMENTS = YES;
				CLANG_WARN_EMPTY_BODY = YES;
				CLANG_WARN_ENUM_CONVERSION = YES;
				CLANG_WARN_INFINITE_RECURSION = YES;
				CLANG_WARN_INT_CONVERSION = YES;
				CLANG_WARN_NON_LITERAL_NULL_CONVERSION = YES;
				CLANG_WARN_OBJC_IMPLICIT_RETAIN_SELF = YES;
				CLANG_WARN_OBJC_LITERAL_CONVERSION = YES;
				CLANG_WARN_OBJC_ROOT_CLASS = YES_ERROR;
				CLANG_WARN_QUOTED_INCLUDE_IN_FRAMEWORK_HEADER = YES;
				CLANG_WARN_RANGE_LOOP_ANALYSIS = YES;
				CLANG_WARN_STRICT_PROTOTYPES = YES;
				CLANG_WARN_SUSPICIOUS_MOVE = YES;
				CLANG_WARN_UNGUARDED_AVAILABILITY = YES_AGGRESSIVE;
				CLANG_WARN_UNREACHABLE_CODE = YES;
				CLANG_WARN__DUPLICATE_METHOD_MATCH = YES;
				COPY_PHASE_STRIP = NO;
				DEBUG_INFORMATION_FORMAT = "dwarf-with-dsym";
				ENABLE_NS_ASSERTIONS = NO;
				ENABLE_STRICT_OBJC_MSGSEND = YES;
				ENABLE_USER_SCRIPT_SANDBOXING = NO;
				GCC_C_LANGUAGE_STANDARD = gnu17;
				GCC_NO_COMMON_BLOCKS = YES;
				GCC_WARN_64_TO_32_BIT_CONVERSION = YES;
				GCC_WARN_ABOUT_RETURN_TYPE = YES_ERROR;
				GCC_WARN_UNDECLARED_SELECTOR = YES;
				GCC_WARN_UNINITIALIZED_AUTOS = YES_AGGRESSIVE;
				GCC_WARN_UNUSED_FUNCTION = YES;
				GCC_WARN_UNUSED_VARIABLE = YES;
				IPHONEOS_DEPLOYMENT_TARGET = 17.4;
				LOCALIZATION_PREFERS_STRING_CATALOGS = YES;
				MTL_ENABLE_DEBUG_INFO = NO;
				MTL_FAST_MATH = YES;
				SDKROOT = iphoneos;
				SWIFT_COMPILATION_MODE = wholemodule;
				VALIDATE_PRODUCT = YES;
			};
			name = Release;
		};
		619B042C2BAE0C9000380F46 /* Debug */ = {
			isa = XCBuildConfiguration;
			baseConfigurationReference = 77AFBA15372F9A5E12AF1F07 /* Pods-balapan.debug.xcconfig */;
			buildSettings = {
				ASSETCATALOG_COMPILER_APPICON_NAME = AppIcon;
				ASSETCATALOG_COMPILER_GLOBAL_ACCENT_COLOR_NAME = AccentColor;
				CODE_SIGN_STYLE = Automatic;
				CURRENT_PROJECT_VERSION = 1;
				DEVELOPMENT_TEAM = RWG4545U29;
				GENERATE_INFOPLIST_FILE = YES;
				INFOPLIST_FILE = balapan/Info.plist;
				INFOPLIST_KEY_UIApplicationSupportsIndirectInputEvents = YES;
				INFOPLIST_KEY_UILaunchStoryboardName = LaunchScreen;
				INFOPLIST_KEY_UIMainStoryboardFile = "";
				INFOPLIST_KEY_UISupportedInterfaceOrientations_iPad = "UIInterfaceOrientationPortrait UIInterfaceOrientationPortraitUpsideDown UIInterfaceOrientationLandscapeLeft UIInterfaceOrientationLandscapeRight";
				INFOPLIST_KEY_UISupportedInterfaceOrientations_iPhone = "UIInterfaceOrientationPortrait UIInterfaceOrientationLandscapeLeft UIInterfaceOrientationLandscapeRight";
				LD_RUNPATH_SEARCH_PATHS = (
					"$(inherited)",
					"@executable_path/Frameworks",
				);
				MARKETING_VERSION = 1.0;
				PRODUCT_BUNDLE_IDENTIFIER = kz.balapan.balapan;
				PRODUCT_NAME = "$(TARGET_NAME)";
				SWIFT_EMIT_LOC_STRINGS = YES;
				SWIFT_VERSION = 5.0;
				TARGETED_DEVICE_FAMILY = "1,2";
			};
			name = Debug;
		};
		619B042D2BAE0C9000380F46 /* Release */ = {
			isa = XCBuildConfiguration;
			baseConfigurationReference = 4C44F0B2047108CFFEFD6FD5 /* Pods-balapan.release.xcconfig */;
			buildSettings = {
				ASSETCATALOG_COMPILER_APPICON_NAME = AppIcon;
				ASSETCATALOG_COMPILER_GLOBAL_ACCENT_COLOR_NAME = AccentColor;
				CODE_SIGN_STYLE = Automatic;
				CURRENT_PROJECT_VERSION = 1;
				DEVELOPMENT_TEAM = RWG4545U29;
				GENERATE_INFOPLIST_FILE = YES;
				INFOPLIST_FILE = balapan/Info.plist;
				INFOPLIST_KEY_UIApplicationSupportsIndirectInputEvents = YES;
				INFOPLIST_KEY_UILaunchStoryboardName = LaunchScreen;
				INFOPLIST_KEY_UIMainStoryboardFile = "";
				INFOPLIST_KEY_UISupportedInterfaceOrientations_iPad = "UIInterfaceOrientationPortrait UIInterfaceOrientationPortraitUpsideDown UIInterfaceOrientationLandscapeLeft UIInterfaceOrientationLandscapeRight";
				INFOPLIST_KEY_UISupportedInterfaceOrientations_iPhone = "UIInterfaceOrientationPortrait UIInterfaceOrientationLandscapeLeft UIInterfaceOrientationLandscapeRight";
				LD_RUNPATH_SEARCH_PATHS = (
					"$(inherited)",
					"@executable_path/Frameworks",
				);
				MARKETING_VERSION = 1.0;
				PRODUCT_BUNDLE_IDENTIFIER = kz.balapan.balapan;
				PRODUCT_NAME = "$(TARGET_NAME)";
				SWIFT_EMIT_LOC_STRINGS = YES;
				SWIFT_VERSION = 5.0;
				TARGETED_DEVICE_FAMILY = "1,2";
			};
			name = Release;
		};
/* End XCBuildConfiguration section */

/* Begin XCConfigurationList section */
		619B04122BAE0C8E00380F46 /* Build configuration list for PBXProject "balapan" */ = {
			isa = XCConfigurationList;
			buildConfigurations = (
				619B04292BAE0C9000380F46 /* Debug */,
				619B042A2BAE0C9000380F46 /* Release */,
			);
			defaultConfigurationIsVisible = 0;
			defaultConfigurationName = Release;
		};
		619B042B2BAE0C9000380F46 /* Build configuration list for PBXNativeTarget "balapan" */ = {
			isa = XCConfigurationList;
			buildConfigurations = (
				619B042C2BAE0C9000380F46 /* Debug */,
				619B042D2BAE0C9000380F46 /* Release */,
			);
			defaultConfigurationIsVisible = 0;
			defaultConfigurationName = Release;
		};
/* End XCConfigurationList section */
	};
	rootObject = 619B040F2BAE0C8E00380F46 /* Project object */;
}
